
Microsoft Visual Studio Solution File, Format Version 12.00
# Visual Studio Version 16
VisualStudioVersion = 16.0.29905.134
MinimumVisualStudioVersion = 10.0.40219.1
Project("{FAE04EC0-301F-11D3-BF4B-00C04F79EFBC}") = "DownloadTranslation", "DownloadTranslation\DownloadTranslation.csproj", "{6DCF4F7A-1FC1-4D39-9318-50D40218EBBD}"
EndProject
Global
	GlobalSection(SolutionConfigurationPlatforms) = preSolution
		Debug|Any CPU = Debug|Any CPU
		Release|Any CPU = Release|Any CPU
	EndGlobalSection
	GlobalSection(ProjectConfigurationPlatforms) = postSolution
		{6DCF4F7A-1FC1-4D39-9318-50D40218EBBD}.Debug|Any CPU.ActiveCfg = Debug|Any CPU
		{6DCF4F7A-1FC1-4D39-9318-50D40218EBBD}.Debug|Any CPU.Build.0 = Debug|Any CPU
		{6DCF4F7A-1FC1-4D39-9318-50D40218EBBD}.Release|Any CPU.ActiveCfg = Release|Any CPU
		{6DCF4F7A-1FC1-4D39-9318-50D40218EBBD}.Release|Any CPU.Build.0 = Release|Any CPU
	EndGlobalSection
	GlobalSection(SolutionProperties) = preSolution
		HideSolutionNode = FALSE
	EndGlobalSection
	GlobalSection(ExtensibilityGlobals) = postSolution
		SolutionGuid = {001D987E-C1EA-4B47-8503-5C4F64C20645}
	EndGlobalSection
EndGlobal
